
Microsoft Visual Studio Solution File, Format Version 12.00
# Visual Studio Version 16
VisualStudioVersion = 16.0.30309.148
MinimumVisualStudioVersion = 10.0.40219.1
Project("{FAE04EC0-301F-11D3-BF4B-00C04F79EFBC}") = "ConsoleApp1", "ConsoleApp1\ConsoleApp1.csproj", "{AB28750F-1DD5-402A-91C5-674629E4DC8B}"
EndProject
Global
	GlobalSection(SolutionConfigurationPlatforms) = preSolution
		Debug|Any CPU = Debug|Any CPU
		Release|Any CPU = Release|Any CPU
	EndGlobalSection
	GlobalSection(ProjectConfigurationPlatforms) = postSolution
		{AB28750F-1DD5-402A-91C5-674629E4DC8B}.Debug|Any CPU.ActiveCfg = Debug|Any CPU
		{AB28750F-1DD5-402A-91C5-674629E4DC8B}.Debug|Any CPU.Build.0 = Debug|Any CPU
		{AB28750F-1DD5-402A-91C5-674629E4DC8B}.Release|Any CPU.ActiveCfg = Release|Any CPU
		{AB28750F-1DD5-402A-91C5-674629E4DC8B}.Release|Any CPU.Build.0 = Release|Any CPU
	EndGlobalSection
	GlobalSection(SolutionProperties) = preSolution
		HideSolutionNode = FALSE
	EndGlobalSection
	GlobalSection(ExtensibilityGlobals) = postSolution
		SolutionGuid = {6F3DF4F5-A9F0-4875-95BB-E6B16C6D41C5}
	EndGlobalSection
EndGlobal
